{
  "nodes": {
    "aws-op": {
      "flake": false,
      "locked": {
        "lastModified": 1773263157,
        "narHash": "sha256-XtnsKePbR8V0aQ9rCS9U1y6Arvi6qEQg7zW5YRYa1TA=",
        "owner": "stabbylambda",
        "repo": "devenv-aws-op",
        "rev": "770c5a638226168b1db9b30e8b4ead8b120d0402",
        "type": "github"
      },
      "original": {
        "owner": "stabbylambda",
        "repo": "devenv-aws-op",
        "type": "github"
      }
    },
    "devenv": {
      "locked": {
        "dir": "src/modules",
        "lastModified": 1773258458,
        "narHash": "sha256-dA0iMwHI+rH0yqWiK9MWDetWm/d4lR2du0My+gRr9Ow=",
        "owner": "cachix",
        "repo": "devenv",
        "rev": "724263b1d5571c4f97996af5ee3e36812380dbf6",
        "type": "github"
      },
      "original": {
        "dir": "src/modules",
        "owner": "cachix",
        "repo": "devenv",
        "type": "github"
      }
    },
    "nixpkgs": {
      "inputs": {
        "nixpkgs-src": "nixpkgs-src"
      },
      "locked": {
        "lastModified": 1772749504,
        "narHash": "sha256-eqtQIz0alxkQPym+Zh/33gdDjkkch9o6eHnMPnXFXN0=",
        "owner": "cachix",
        "repo": "devenv-nixpkgs",
        "rev": "08543693199362c1fddb8f52126030d0d374ba2e",
        "type": "github"
      },
      "original": {
        "owner": "cachix",
        "ref": "rolling",
        "repo": "devenv-nixpkgs",
        "type": "github"
      }
    },
    "nixpkgs-src": {
      "flake": false,
      "locked": {
        "lastModified": 1772173633,
        "narHash": "sha256-MOH58F4AIbCkh6qlQcwMycyk5SWvsqnS/TCfnqDlpj4=",
        "owner": "NixOS",
        "repo": "nixpkgs",
        "rev": "c0f3d81a7ddbc2b1332be0d8481a672b4f6004d6",
        "type": "github"
      },
      "original": {
        "owner": "NixOS",
        "ref": "nixpkgs-unstable",
        "repo": "nixpkgs",
        "type": "github"
      }
    },
    "root": {
      "inputs": {
        "aws-op": "aws-op",
        "devenv": "devenv",
        "nixpkgs": "nixpkgs",
        "rust-overlay": "rust-overlay"
      }
    },
    "rust-overlay": {
      "inputs": {
        "nixpkgs": [
          "nixpkgs"
        ]
      },
      "locked": {
        "lastModified": 1773216618,
        "narHash": "sha256-iZlowevS+xKLGOXtZwpIrz3SWe7PtoGUfEeVZNib+WE=",
        "owner": "oxalica",
        "repo": "rust-overlay",
        "rev": "07d7dc6fcc5eae76b4fb0e19d4afd939437bec97",
        "type": "github"
      },
      "original": {
        "owner": "oxalica",
        "repo": "rust-overlay",
        "type": "github"
      }
    }
  },
  "root": "root",
  "version": 7
}